
Microsoft Visual Studio Solution File, Format Version 12.00
# Visual Studio Version 17
VisualStudioVersion = 17.2.32516.85
MinimumVisualStudioVersion = 10.0.40219.1
Project("{FAE04EC0-301F-11D3-BF4B-00C04F79EFBC}") = "CryptoAPI", "CryptoAPI\CryptoAPI.csproj", "{19282046-C2B8-4278-A63B-38B3DD0604DA}"
EndProject
Global
	GlobalSection(SolutionConfigurationPlatforms) = preSolution
		Debug|Any CPU = Debug|Any CPU
		Release|Any CPU = Release|Any CPU
	EndGlobalSection
	GlobalSection(ProjectConfigurationPlatforms) = postSolution
		{19282046-C2B8-4278-A63B-38B3DD0604DA}.Debug|Any CPU.ActiveCfg = Debug|Any CPU
		{19282046-C2B8-4278-A63B-38B3DD0604DA}.Debug|Any CPU.Build.0 = Debug|Any CPU
		{19282046-C2B8-4278-A63B-38B3DD0604DA}.Release|Any CPU.ActiveCfg = Release|Any CPU
		{19282046-C2B8-4278-A63B-38B3DD0604DA}.Release|Any CPU.Build.0 = Release|Any CPU
	EndGlobalSection
	GlobalSection(SolutionProperties) = preSolution
		HideSolutionNode = FALSE
	EndGlobalSection
	GlobalSection(ExtensibilityGlobals) = postSolution
		SolutionGuid = {F4705165-C731-4154-8083-D182EC2F2EE6}
	EndGlobalSection
EndGlobal
